// !$*UTF8*$!
{
	archiveVersion = 1;
	classes = {
	};
	objectVersion = 46;
	objects = {

/* Begin PBXBuildFile section */
		DDF47DF91CA97FC4008B471C /* AppDelegate.swift in Sources */ = {isa = PBXBuildFile; fileRef = DDF47DF81CA97FC4008B471C /* AppDelegate.swift */; };
		DDF47DFB1CA97FC4008B471C /* ViewController.swift in Sources */ = {isa = PBXBuildFile; fileRef = DDF47DFA1CA97FC4008B471C /* ViewController.swift */; };
		DDF47DFE1CA97FC4008B471C /* Main.storyboard in Resources */ = {isa = PBXBuildFile; fileRef = DDF47DFC1CA97FC4008B471C /* Main.storyboard */; };
		DDF47E001CA97FC4008B471C /* Assets.xcassets in Resources */ = {isa = PBXBuildFile; fileRef = DDF47DFF1CA97FC4008B471C /* Assets.xcassets */; };
		DDF47E031CA97FC4008B471C /* LaunchScreen.storyboard in Resources */ = {isa = PBXBuildFile; fileRef = DDF47E011CA97FC4008B471C /* LaunchScreen.storyboard */; };
		DDF47E0B1CA98378008B471C /* ResultTableViewController.swift in Sources */ = {isa = PBXBuildFile; fileRef = DDF47E0A1CA98378008B471C /* ResultTableViewController.swift */; };
		DDF47E0D1CA984EE008B471C /* SearchResults.swift in Sources */ = {isa = PBXBuildFile; fileRef = DDF47E0C1CA984EE008B471C /* SearchResults.swift */; };
		DDF47E0F1CA98536008B471C /* NetworkController.swift in Sources */ = {isa = PBXBuildFile; fileRef = DDF47E0E1CA98536008B471C /* NetworkController.swift */; };
/* End PBXBuildFile section */

/* Begin PBXFileReference section */
		DDF47DF51CA97FC4008B471C /* RedditChallenge.app */ = {isa = PBXFileReference; explicitFileType = wrapper.application; includeInIndex = 0; path = RedditChallenge.app; sourceTree = BUILT_PRODUCTS_DIR; };
		DDF47DF81CA97FC4008B471C /* AppDelegate.swift */ = {isa = PBXFileReference; lastKnownFileType = sourcecode.swift; path = AppDelegate.swift; sourceTree = "<group>"; };
		DDF47DFA1CA97FC4008B471C /* ViewController.swift */ = {isa = PBXFileReference; lastKnownFileType = sourcecode.swift; path = ViewController.swift; sourceTree = "<group>"; };
		DDF47DFD1CA97FC4008B471C /* Base */ = {isa = PBXFileReference; lastKnownFileType = file.storyboard; name = Base; path = Base.lproj/Main.storyboard; sourceTree = "<group>"; };
		DDF47DFF1CA97FC4008B471C /* Assets.xcassets */ = {isa = PBXFileReference; lastKnownFileType = folder.assetcatalog; path = Assets.xcassets; sourceTree = "<group>"; };
		DDF47E021CA97FC4008B471C /* Base */ = {isa = PBXFileReference; lastKnownFileType = file.storyboard; name = Base; path = Base.lproj/LaunchScreen.storyboard; sourceTree = "<group>"; };
		DDF47E041CA97FC4008B471C /* Info.plist */ = {isa = PBXFileReference; lastKnownFileType = text.plist.xml; path = Info.plist; sourceTree = "<group>"; };
		DDF47E0A1CA98378008B471C /* ResultTableViewController.swift */ = {isa = PBXFileReference; fileEncoding = 4; lastKnownFileType = sourcecode.swift; path = ResultTableViewController.swift; sourceTree = "<group>"; };
		DDF47E0C1CA984EE008B471C /* SearchResults.swift */ = {isa = PBXFileReference; fileEncoding = 4; lastKnownFileType = sourcecode.swift; path = SearchResults.swift; sourceTree = "<group>"; };
		DDF47E0E1CA98536008B471C /* NetworkController.swift */ = {isa = PBXFileReference; fileEncoding = 4; lastKnownFileType = sourcecode.swift; path = NetworkController.swift; sourceTree = "<group>"; };
/* End PBXFileReference section */

/* Begin PBXFrameworksBuildPhase section */
		DDF47DF21CA97FC4008B471C /* Frameworks */ = {
			isa = PBXFrameworksBuildPhase;
			buildActionMask = 2147483647;
			files = (
			);
			runOnlyForDeploymentPostprocessing = 0;
		};
/* End PBXFrameworksBuildPhase section */

/* Begin PBXGroup section */
		DDF47DEC1CA97FC4008B471C = {
			isa = PBXGroup;
			children = (
				DDF47DF71CA97FC4008B471C /* RedditChallenge */,
				DDF47DF61CA97FC4008B471C /* Products */,
			);
			sourceTree = "<group>";
		};
		DDF47DF61CA97FC4008B471C /* Products */ = {
			isa = PBXGroup;
			children = (
				DDF47DF51CA97FC4008B471C /* RedditChallenge.app */,
			);
			name = Products;
			sourceTree = "<group>";
		};
		DDF47DF71CA97FC4008B471C /* RedditChallenge */ = {
			isa = PBXGroup;
			children = (
				DDF47DF81CA97FC4008B471C /* AppDelegate.swift */,
				DDF47DFA1CA97FC4008B471C /* ViewController.swift */,
				DDF47E0A1CA98378008B471C /* ResultTableViewController.swift */,
				DDF47E0C1CA984EE008B471C /* SearchResults.swift */,
				DDF47E0E1CA98536008B471C /* NetworkController.swift */,
				DDF47DFC1CA97FC4008B471C /* Main.storyboard */,
				DDF47DFF1CA97FC4008B471C /* Assets.xcassets */,
				DDF47E011CA97FC4008B471C /* LaunchScreen.storyboard */,
				DDF47E041CA97FC4008B471C /* Info.plist */,
			);
			path = RedditChallenge;
			sourceTree = "<group>";
		};
/* End PBXGroup section */

/* Begin PBXNativeTarget section */
		DDF47DF41CA97FC4008B471C /* RedditChallenge */ = {
			isa = PBXNativeTarget;
			buildConfigurationList = DDF47E071CA97FC4008B471C /* Build configuration list for PBXNativeTarget "RedditChallenge" */;
			buildPhases = (
				DDF47DF11CA97FC4008B471C /* Sources */,
				DDF47DF21CA97FC4008B471C /* Frameworks */,
				DDF47DF31CA97FC4008B471C /* Resources */,
			);
			buildRules = (
			);
			dependencies = (
			);
			name = RedditChallenge;
			productName = RedditChallenge;
			productReference = DDF47DF51CA97FC4008B471C /* RedditChallenge.app */;
			productType = "com.apple.product-type.application";
		};
/* End PBXNativeTarget section */

/* Begin PBXProject section */
		DDF47DED1CA97FC4008B471C /* Project object */ = {
			isa = PBXProject;
			attributes = {
				LastSwiftUpdateCheck = 0730;
				LastUpgradeCheck = 0730;
				ORGANIZATIONNAME = "Parker Donat";
				TargetAttributes = {
					DDF47DF41CA97FC4008B471C = {
						CreatedOnToolsVersion = 7.3;
					};
				};
			};
			buildConfigurationList = DDF47DF01CA97FC4008B471C /* Build configuration list for PBXProject "RedditChallenge" */;
			compatibilityVersion = "Xcode 3.2";
			developmentRegion = English;
			hasScannedForEncodings = 0;
			knownRegions = (
				en,
				Base,
			);
			mainGroup = DDF47DEC1CA97FC4008B471C;
			productRefGroup = DDF47DF61CA97FC4008B471C /* Products */;
			projectDirPath = "";
			projectRoot = "";
			targets = (
				DDF47DF41CA97FC4008B471C /* RedditChallenge */,
			);
		};
/* End PBXProject section */

/* Begin PBXResourcesBuildPhase section */
		DDF47DF31CA97FC4008B471C /* Resources */ = {
			isa = PBXResourcesBuildPhase;
			buildActionMask = 2147483647;
			files = (
				DDF47E031CA97FC4008B471C /* LaunchScreen.storyboard in Resources */,
				DDF47E001CA97FC4008B471C /* Assets.xcassets in Resources */,
				DDF47DFE1CA97FC4008B471C /* Main.storyboard in Resources */,
			);
			runOnlyForDeploymentPostprocessing = 0;
		};
/* End PBXResourcesBuildPhase section */

/* Begin PBXSourcesBuildPhase section */
		DDF47DF11CA97FC4008B471C /* Sources */ = {
			isa = PBXSourcesBuildPhase;
			buildActionMask = 2147483647;
			files = (
				DDF47E0F1CA98536008B471C /* NetworkController.swift in Sources */,
				DDF47DFB1CA97FC4008B471C /* ViewController.swift in Sources */,
				DDF47DF91CA97FC4008B471C /* AppDelegate.swift in Sources */,
				DDF47E0D1CA984EE008B471C /* SearchResults.swift in Sources */,
				DDF47E0B1CA98378008B471C /* ResultTableViewController.swift in Sources */,
			);
			runOnlyForDeploymentPostprocessing = 0;
		};
/* End PBXSourcesBuildPhase section */

/* Begin PBXVariantGroup section */
		DDF47DFC1CA97FC4008B471C /* Main.storyboard */ = {
			isa = PBXVariantGroup;
			children = (
				DDF47DFD1CA97FC4008B471C /* Base */,
			);
			name = Main.storyboard;
			sourceTree = "<group>";
		};
		DDF47E011CA97FC4008B471C /* LaunchScreen.storyboard */ = {
			isa = PBXVariantGroup;
			children = (
				DDF47E021CA97FC4008B471C /* Base */,
			);
			name = LaunchScreen.storyboard;
			sourceTree = "<group>";
		};
/* End PBXVariantGroup section */

/* Begin XCBuildConfiguration section */
		DDF47E051CA97FC4008B471C /* Debug */ = {
			isa = XCBuildConfiguration;
			buildSettings = {
				ALWAYS_SEARCH_USER_PATHS = NO;
				CLANG_ANALYZER_NONNULL = YES;
				CLANG_CXX_LANGUAGE_STANDARD = "gnu++0x";
				CLANG_CXX_LIBRARY = "libc++";
				CLANG_ENABLE_MODULES = YES;
				CLANG_ENABLE_OBJC_ARC = YES;
				CLANG_WARN_BOOL_CONVERSION = YES;
				CLANG_WARN_CONSTANT_CONVERSION = YES;
				CLANG_WARN_DIRECT_OBJC_ISA_USAGE = YES_ERROR;
				CLANG_WARN_EMPTY_BODY = YES;
				CLANG_WARN_ENUM_CONVERSION = YES;
				CLANG_WARN_INT_CONVERSION = YES;
				CLANG_WARN_OBJC_ROOT_CLASS = YES_ERROR;
				CLANG_WARN_UNREACHABLE_CODE = YES;
				CLANG_WARN__DUPLICATE_METHOD_MATCH = YES;
				"CODE_SIGN_IDENTITY[sdk=iphoneos*]" = "iPhone Developer";
				COPY_PHASE_STRIP = NO;
				DEBUG_INFORMATION_FORMAT = dwarf;
				ENABLE_STRICT_OBJC_MSGSEND = YES;
				ENABLE_TESTABILITY = YES;
				GCC_C_LANGUAGE_STANDARD = gnu99;
				GCC_DYNAMIC_NO_PIC = NO;
				GCC_NO_COMMON_BLOCKS = YES;
				GCC_OPTIMIZATION_LEVEL = 0;
				GCC_PREPROCESSOR_DEFINITIONS = (
					"DEBUG=1",
					"$(inherited)",
				);
				GCC_WARN_64_TO_32_BIT_CONVERSION = YES;
				GCC_WARN_ABOUT_RETURN_TYPE = YES_ERROR;
				GCC_WARN_UNDECLARED_SELECTOR = YES;
				GCC_WARN_UNINITIALIZED_AUTOS = YES_AGGRESSIVE;
				GCC_WARN_UNUSED_FUNCTION = YES;
				GCC_WARN_UNUSED_VARIABLE = YES;
				IPHONEOS_DEPLOYMENT_TARGET = 9.3;
				MTL_ENABLE_DEBUG_INFO = YES;
				ONLY_ACTIVE_ARCH = YES;
				SDKROOT = iphoneos;
				SWIFT_OPTIMIZATION_LEVEL = "-Onone";
			};
			name = Debug;
		};
		DDF47E061CA97FC4008B471C /* Release */ = {
			isa = XCBuildConfiguration;
			buildSettings = {
				ALWAYS_SEARCH_USER_PATHS = NO;
				CLANG_ANALYZER_NONNULL = YES;
				CLANG_CXX_LANGUAGE_STANDARD = "gnu++0x";
				CLANG_CXX_LIBRARY = "libc++";
				CLANG_ENABLE_MODULES = YES;
				CLANG_ENABLE_OBJC_ARC = YES;
				CLANG_WARN_BOOL_CONVERSION = YES;
				CLANG_WARN_CONSTANT_CONVERSION = YES;
				CLANG_WARN_DIRECT_OBJC_ISA_USAGE = YES_ERROR;
				CLANG_WARN_EMPTY_BODY = YES;
				CLANG_WARN_ENUM_CONVERSION = YES;
				CLANG_WARN_INT_CONVERSION = YES;
				CLANG_WARN_OBJC_ROOT_CLASS = YES_ERROR;
				CLANG_WARN_UNREACHABLE_CODE = YES;
				CLANG_WARN__DUPLICATE_METHOD_MATCH = YES;
				"CODE_SIGN_IDENTITY[sdk=iphoneos*]" = "iPhone Developer";
				COPY_PHASE_STRIP = NO;
				DEBUG_INFORMATION_FORMAT = "dwarf-with-dsym";
				ENABLE_NS_ASSERTIONS = NO;
				ENABLE_STRICT_OBJC_MSGSEND = YES;
				GCC_C_LANGUAGE_STANDARD = gnu99;
				GCC_NO_COMMON_BLOCKS = YES;
				GCC_WARN_64_TO_32_BIT_CONVERSION = YES;
				GCC_WARN_ABOUT_RETURN_TYPE = YES_ERROR;
				GCC_WARN_UNDECLARED_SELECTOR = YES;
				GCC_WARN_UNINITIALIZED_AUTOS = YES_AGGRESSIVE;
				GCC_WARN_UNUSED_FUNCTION = YES;
				GCC_WARN_UNUSED_VARIABLE = YES;
				IPHONEOS_DEPLOYMENT_TARGET = 9.3;
				MTL_ENABLE_DEBUG_INFO = NO;
				SDKROOT = iphoneos;
				VALIDATE_PRODUCT = YES;
			};
			name = Release;
		};
		DDF47E081CA97FC4008B471C /* Debug */ = {
			isa = XCBuildConfiguration;
			buildSettings = {
				ASSETCATALOG_COMPILER_APPICON_NAME = AppIcon;
				INFOPLIST_FILE = RedditChallenge/Info.plist;
				LD_RUNPATH_SEARCH_PATHS = "$(inherited) @executable_path/Frameworks";
				PRODUCT_BUNDLE_IDENTIFIER = com.parkerdonat.RedditChallenge;
				PRODUCT_NAME = "$(TARGET_NAME)";
			};
			name = Debug;
		};
		DDF47E091CA97FC4008B471C /* Release */ = {
			isa = XCBuildConfiguration;
			buildSettings = {
				ASSETCATALOG_COMPILER_APPICON_NAME = AppIcon;
				INFOPLIST_FILE = RedditChallenge/Info.plist;
				LD_RUNPATH_SEARCH_PATHS = "$(inherited) @executable_path/Frameworks";
				PRODUCT_BUNDLE_IDENTIFIER = com.parkerdonat.RedditChallenge;
				PRODUCT_NAME = "$(TARGET_NAME)";
			};
			name = Release;
		};
/* End XCBuildConfiguration section */

/* Begin XCConfigurationList section */
		DDF47DF01CA97FC4008B471C /* Build configuration list for PBXProject "RedditChallenge" */ = {
			isa = XCConfigurationList;
			buildConfigurations = (
				DDF47E051CA97FC4008B471C /* Debug */,
				DDF47E061CA97FC4008B471C /* Release */,
			);
			defaultConfigurationIsVisible = 0;
			defaultConfigurationName = Release;
		};
		DDF47E071CA97FC4008B471C /* Build configuration list for PBXNativeTarget "RedditChallenge" */ = {
			isa = XCConfigurationList;
			buildConfigurations = (
				DDF47E081CA97FC4008B471C /* Debug */,
				DDF47E091CA97FC4008B471C /* Release */,
			);
			defaultConfigurationIsVisible = 0;
			defaultConfigurationName = Release;
		};
/* End XCConfigurationList section */
	};
	rootObject = DDF47DED1CA97FC4008B471C /* Project object */;
}
